schema: '2.0'
stages:
  train:
    cmd: python run.py --arg_yaml_file params.yaml
    deps:
    - path: pretrained_asist
      md5: b91d38613f9e4843510b509d38f18571.dir
      size: 31313883
      nfiles: 2
    - path: problems
      md5: 845f4e75936357b702bba3db10565df5.dir
      size: 342219
      nfiles: 76
    - path: reinforce_baselines.py
      md5: 2b85a733cf38963b95fb90b0af208a22
      size: 8451
    - path: run.py
      md5: c2e71e759012426509a6f10b3bc1c19d
      size: 7695
    - path: train.py
      md5: c39b2c7f6f1eaeadfecbaf356e95eda0
      size: 5662
    params:
      params.yaml:
        graph_size: 28
        high_value: 1
        n_epochs: 10
        problem: pcvrp
        problem_params:
          PRICE_MODE: 1
          DISCOUNT_FACTOR: 0.9
          PLAYER_ROLE: engineer
          MEDIC_MODEL_FILE: pretrained_asist/medic/pcvrp_medic_PM1_HV1
          MEDIC_GRAPH_SIZE: 55
          RUBBLE_GRAPH_SIZE: 23
          HIGH_VALUE_VICTIM_SIZE: 5
          MEDIC_SPEED: 0.007
          ENGINEER_SPEED: 0.005
          MEDIC_TOOL_DURABILITY: 20
          ENGINEER_TOOL_DURABILITY: 131
          DISTANCE_RATIO: 0.001663
          HIGH_VALUE_MISMATCH_PENALTY_COEFF: 0.004
          LATE_RUBBLE_PENALTY_COEFF: 3.514
    outs:
    - path: logs
      md5: 05c635f37d3332c9d6f704c0f337dc8c.dir
      size: 13177
      nfiles: 1
    - path: outputs
      md5: 0125d0e05984ac849775601b91443c6f.dir
      size: 3417056546
      nfiles: 11
    - path: scores/scores.json
      md5: 8d3ae4eb7203a3a36a8ca06f2b565375
      size: 139
