schema: '2.0'
stages:
  train:
    cmd: python run.py --arg_yaml_file params.yaml
    deps:
    - path: reinforce_baselines.py
      md5: 78e4604e89bbbaa7a83151b2068ca05b
      size: 8484
    - path: run.py
      md5: dfc927f78fd3d5fd006169a313ea8176
      size: 7384
    - path: train.py
      md5: 84b5cac39f685a79b5d544878969589d
      size: 5562
    params:
      params.yaml:
        graph_size: 55
        high_value: 0.4
        n_epochs: 50
        problem: pcvrp
        problem_params:
          PRICE_MODE: 1
    outs:
    - path: logs
      md5: 700007b4d8960ebaeb2cc7dbdabf088c.dir
      size: 11302
      nfiles: 1
    - path: outputs
      md5: d7cb9da899bdb0f1464d72f743b006e2.dir
      size: 1565638223
      nfiles: 51
    - path: scores/scores.json
      md5: 9a7541b2c5da6b6d4b2e494b46b750a0
      size: 138
