schema: '2.0'
stages:
  train:
    cmd: python run.py --arg_yaml_file params.yaml
    deps:
    - path: reinforce_baselines.py
      md5: 78e4604e89bbbaa7a83151b2068ca05b
      size: 8484
    - path: run.py
      md5: dfc927f78fd3d5fd006169a313ea8176
      size: 7384
    - path: train.py
      md5: 84b5cac39f685a79b5d544878969589d
      size: 5562
    params:
      params.yaml:
        graph_size: 55
        high_value: 1
        n_epochs: 50
        problem: pcvrp
        problem_params:
          PRICE_MODE: 1
          DISCOUNT_FACTOR: 0.95
    outs:
    - path: logs
      md5: 33663d7cdf14ade270060e494ba3c374.dir
      size: 11302
      nfiles: 1
    - path: outputs
      md5: 8ea733a72336dc55add9c3846829b027.dir
      size: 1565637860
      nfiles: 51
    - path: scores/scores.json
      md5: e5c12da345a3a73b0812a86608993beb
      size: 137
